<?xml version="1.0" encoding="utf-8"?>
<Project ToolsVersion="4.0" xmlns="http://schemas.microsoft.com/developer/msbuild/2003">
  <ItemGroup>
    <Filter Include="Source Files">
      <UniqueIdentifier>{5d9738f5-c891-4635-b53e-4eb3b13df129}</UniqueIdentifier>
      <Extensions>cpp;c;cxx;rc;def;r;odl;idl;hpj;bat</Extensions>
    </Filter>
    <Filter Include="Source Files\EMU Source Files">
      <UniqueIdentifier>{73ecab4b-df3f-40ae-837f-c358de479d88}</UniqueIdentifier>
      <Extensions>cpp</Extensions>
    </Filter>
    <Filter Include="Source Files\OSD Source Files">
      <UniqueIdentifier>{70f14bd4-8dd6-4c92-80ca-3cc5f8fb06b8}</UniqueIdentifier>
      <Extensions>cpp</Extensions>
    </Filter>
    <Filter Include="Source Files\VM Common Source Files">
      <UniqueIdentifier>{a080438d-72cd-42de-8d5e-483d066e099d}</UniqueIdentifier>
      <Extensions>cpp</Extensions>
    </Filter>
    <Filter Include="Source Files\VM Common Source Files\fmgen Source Files">
      <UniqueIdentifier>{dc46dc8f-54b9-4191-ac01-0d51b94d8d37}</UniqueIdentifier>
      <Extensions>cpp</Extensions>
    </Filter>
    <Filter Include="Source Files\VM Driver Source Files">
      <UniqueIdentifier>{561ae405-abe9-4eb7-b46e-25a175426447}</UniqueIdentifier>
      <Extensions>cpp</Extensions>
    </Filter>
    <Filter Include="Header Files">
      <UniqueIdentifier>{00bce4a3-3939-47f6-b0b5-c6fa9417785f}</UniqueIdentifier>
      <Extensions>h;hpp;hxx;hm;inl</Extensions>
    </Filter>
    <Filter Include="Header Files\EMU Header Files">
      <UniqueIdentifier>{66a0d891-dba2-4145-990f-848e10e558d5}</UniqueIdentifier>
      <Extensions>h</Extensions>
    </Filter>
    <Filter Include="Header Files\OSD Header Files">
      <UniqueIdentifier>{55899b76-2426-4dc0-9b4b-d1b94895d9e6}</UniqueIdentifier>
      <Extensions>h</Extensions>
    </Filter>
    <Filter Include="Header Files\VM Common Header Files">
      <UniqueIdentifier>{21601bfb-7697-41eb-85e3-0ae2e9a4da80}</UniqueIdentifier>
      <Extensions>h</Extensions>
    </Filter>
    <Filter Include="Header Files\VM Common Header Files\fmgen Header Files">
      <UniqueIdentifier>{9a815ea0-cd4b-41a5-bf21-d94b46dace49}</UniqueIdentifier>
    </Filter>
    <Filter Include="Header Files\VM Driver Header Files">
      <UniqueIdentifier>{e19dad39-abad-4bde-839f-3cd2a723d6e9}</UniqueIdentifier>
      <Extensions>h</Extensions>
    </Filter>
    <Filter Include="Resource Files">
      <UniqueIdentifier>{2443d0f1-e7c2-4790-a45e-13e4676c7d44}</UniqueIdentifier>
      <Extensions>ico;cur;bmp;dlg;rc2;rct;bin;rgs;gif;jpg;jpeg;jpe</Extensions>
    </Filter>
  </ItemGroup>
  <ItemGroup>
    <ClCompile Include="..\src\common.cpp">
      <Filter>Source Files</Filter>
    </ClCompile>
    <ClCompile Include="..\src\config.cpp">
      <Filter>Source Files</Filter>
    </ClCompile>
    <ClCompile Include="..\src\fifo.cpp">
      <Filter>Source Files</Filter>
    </ClCompile>
    <ClCompile Include="..\src\fileio.cpp">
      <Filter>Source Files</Filter>
    </ClCompile>
    <ClCompile Include="..\src\debugger.cpp">
      <Filter>Source Files\EMU Source Files</Filter>
    </ClCompile>
    <ClCompile Include="..\src\emu.cpp">
      <Filter>Source Files\EMU Source Files</Filter>
    </ClCompile>
    <ClCompile Include="..\src\win32\osd.cpp">
      <Filter>Source Files\OSD Source Files</Filter>
    </ClCompile>
    <ClCompile Include="..\src\win32\osd_console.cpp">
      <Filter>Source Files\OSD Source Files</Filter>
    </ClCompile>
    <ClCompile Include="..\src\win32\osd_input.cpp">
      <Filter>Source Files\OSD Source Files</Filter>
    </ClCompile>
    <ClCompile Include="..\src\win32\osd_screen.cpp">
      <Filter>Source Files\OSD Source Files</Filter>
    </ClCompile>
    <ClCompile Include="..\src\win32\osd_sound.cpp">
      <Filter>Source Files\OSD Source Files</Filter>
    </ClCompile>
    <ClCompile Include="..\src\win32\winmain.cpp">
      <Filter>Source Files\OSD Source Files</Filter>
    </ClCompile>
    <ClCompile Include="..\src\vm\and.cpp">
      <Filter>Source Files\VM Common Source Files</Filter>
    </ClCompile>
    <ClCompile Include="..\src\vm\ay_3_891x.cpp">
      <Filter>Source Files\VM Common Source Files</Filter>
    </ClCompile>
    <ClCompile Include="..\src\vm\beep.cpp">
      <Filter>Source Files\VM Common Source Files</Filter>
    </ClCompile>
    <ClCompile Include="..\src\vm\datarec.cpp">
      <Filter>Source Files\VM Common Source Files</Filter>
    </ClCompile>
    <ClCompile Include="..\src\vm\disk.cpp">
      <Filter>Source Files\VM Common Source Files</Filter>
    </ClCompile>
    <ClCompile Include="..\src\vm\event.cpp">
      <Filter>Source Files\VM Common Source Files</Filter>
    </ClCompile>
    <ClCompile Include="..\src\vm\i8251.cpp">
      <Filter>Source Files\VM Common Source Files</Filter>
    </ClCompile>
    <ClCompile Include="..\src\vm\mb8877.cpp">
      <Filter>Source Files\VM Common Source Files</Filter>
    </ClCompile>
    <ClCompile Include="..\src\vm\mc6809.cpp">
      <Filter>Source Files\VM Common Source Files</Filter>
    </ClCompile>
    <ClCompile Include="..\src\vm\mc6809_base.cpp">
      <Filter>Source Files\VM Common Source Files</Filter>
    </ClCompile>
    <ClCompile Include="..\src\vm\memory.cpp">
      <Filter>Source Files\VM Common Source Files</Filter>
    </ClCompile>
    <ClCompile Include="..\src\vm\noise.cpp">
      <Filter>Source Files\VM Common Source Files</Filter>
    </ClCompile>
    <ClCompile Include="..\src\vm\pcm1bit.cpp">
      <Filter>Source Files\VM Common Source Files</Filter>
    </ClCompile>
    <ClCompile Include="..\src\vm\prnfile.cpp">
      <Filter>Source Files\VM Common Source Files</Filter>
    </ClCompile>
    <ClCompile Include="..\src\vm\ym2203.cpp">
      <Filter>Source Files\VM Common Source Files</Filter>
    </ClCompile>
    <ClCompile Include="..\src\vm\z80.cpp">
      <Filter>Source Files\VM Common Source Files</Filter>
    </ClCompile>
    <ClCompile Include="..\src\vm\fmgen\fmgen.cpp">
      <Filter>Source Files\VM Common Source Files\fmgen Source Files</Filter>
    </ClCompile>
    <ClCompile Include="..\src\vm\fmgen\fmtimer.cpp">
      <Filter>Source Files\VM Common Source Files\fmgen Source Files</Filter>
    </ClCompile>
    <ClCompile Include="..\src\vm\fmgen\opna.cpp">
      <Filter>Source Files\VM Common Source Files\fmgen Source Files</Filter>
    </ClCompile>
    <ClCompile Include="..\src\vm\fmgen\psg.cpp">
      <Filter>Source Files\VM Common Source Files\fmgen Source Files</Filter>
    </ClCompile>
    <ClCompile Include="..\src\vm\fm7\display.cpp">
      <Filter>Source Files\VM Driver Source Files</Filter>
    </ClCompile>
    <ClCompile Include="..\src\vm\fm7\dummydevice.cpp">
      <Filter>Source Files\VM Driver Source Files</Filter>
    </ClCompile>
    <ClCompile Include="..\src\vm\fm7\floppy.cpp">
      <Filter>Source Files\VM Driver Source Files</Filter>
    </ClCompile>
    <ClCompile Include="..\src\vm\fm7\fm7.cpp">
      <Filter>Source Files\VM Driver Source Files</Filter>
    </ClCompile>
    <ClCompile Include="..\src\vm\fm7\fm7_mainio.cpp">
      <Filter>Source Files\VM Driver Source Files</Filter>
    </ClCompile>
    <ClCompile Include="..\src\vm\fm7\fm7_mainmem.cpp">
      <Filter>Source Files\VM Driver Source Files</Filter>
    </ClCompile>
    <ClCompile Include="..\src\vm\fm7\hd6844.cpp">
      <Filter>Source Files\VM Driver Source Files</Filter>
    </ClCompile>
    <ClCompile Include="..\src\vm\fm7\jcommcard.cpp">
      <Filter>Source Files\VM Driver Source Files</Filter>
    </ClCompile>
    <ClCompile Include="..\src\vm\fm7\joystick.cpp">
      <Filter>Source Files\VM Driver Source Files</Filter>
    </ClCompile>
    <ClCompile Include="..\src\vm\fm7\kanjirom.cpp">
      <Filter>Source Files\VM Driver Source Files</Filter>
    </ClCompile>
    <ClCompile Include="..\src\vm\fm7\keyboard.cpp">
      <Filter>Source Files\VM Driver Source Files</Filter>
    </ClCompile>
    <ClCompile Include="..\src\vm\fm7\mainmem_mmr.cpp">
      <Filter>Source Files\VM Driver Source Files</Filter>
    </ClCompile>
    <ClCompile Include="..\src\vm\fm7\mainmem_page2.cpp">
      <Filter>Source Files\VM Driver Source Files</Filter>
    </ClCompile>
    <ClCompile Include="..\src\vm\fm7\mainmem_readseq.cpp">
      <Filter>Source Files\VM Driver Source Files</Filter>
    </ClCompile>
    <ClCompile Include="..\src\vm\fm7\mainmem_utils.cpp">
      <Filter>Source Files\VM Driver Source Files</Filter>
    </ClCompile>
    <ClCompile Include="..\src\vm\fm7\mainmem_writeseq.cpp">
      <Filter>Source Files\VM Driver Source Files</Filter>
    </ClCompile>
    <ClCompile Include="..\src\vm\fm7\mb61vh010.cpp">
      <Filter>Source Files\VM Driver Source Files</Filter>
    </ClCompile>
    <ClCompile Include="..\src\vm\fm7\sound.cpp">
      <Filter>Source Files\VM Driver Source Files</Filter>
    </ClCompile>
    <ClCompile Include="..\src\vm\fm7\vram.cpp">
      <Filter>Source Files\VM Driver Source Files</Filter>
    </ClCompile>
  </ItemGroup>
  <ItemGroup>
    <ClInclude Include="..\src\common.h">
      <Filter>Header Files</Filter>
    </ClInclude>
    <ClInclude Include="..\src\config.h">
      <Filter>Header Files</Filter>
    </ClInclude>
    <ClInclude Include="..\src\fifo.h">
      <Filter>Header Files</Filter>
    </ClInclude>
    <ClInclude Include="..\src\fileio.h">
      <Filter>Header Files</Filter>
    </ClInclude>
    <ClInclude Include="..\src\emu.h">
      <Filter>Header Files\EMU Header Files</Filter>
    </ClInclude>
    <ClInclude Include="..\src\win32\osd.h">
      <Filter>Header Files\OSD Header Files</Filter>
    </ClInclude>
    <ClInclude Include="..\src\vm\and.h">
      <Filter>Header Files\VM Common Header Files</Filter>
    </ClInclude>
    <ClInclude Include="..\src\vm\ay_3_891x.h">
      <Filter>Header Files\VM Common Header Files</Filter>
    </ClInclude>
    <ClInclude Include="..\src\vm\beep.h">
      <Filter>Header Files\VM Common Header Files</Filter>
    </ClInclude>
    <ClInclude Include="..\src\vm\datarec.h">
      <Filter>Header Files\VM Common Header Files</Filter>
    </ClInclude>
    <ClInclude Include="..\src\vm\debugger.h">
      <Filter>Header Files\VM Common Header Files</Filter>
    </ClInclude>
    <ClInclude Include="..\src\vm\device.h">
      <Filter>Header Files\VM Common Header Files</Filter>
    </ClInclude>
    <ClInclude Include="..\src\vm\disk.h">
      <Filter>Header Files\VM Common Header Files</Filter>
    </ClInclude>
    <ClInclude Include="..\src\vm\event.h">
      <Filter>Header Files\VM Common Header Files</Filter>
    </ClInclude>
    <ClInclude Include="..\src\vm\i8251.h">
      <Filter>Header Files\VM Common Header Files</Filter>
    </ClInclude>
    <ClInclude Include="..\src\vm\mb8877.h">
      <Filter>Header Files\VM Common Header Files</Filter>
    </ClInclude>
    <ClInclude Include="..\src\vm\mc6809.h">
      <Filter>Header Files\VM Common Header Files</Filter>
    </ClInclude>
    <ClInclude Include="..\src\vm\memory.h">
      <Filter>Header Files\VM Common Header Files</Filter>
    </ClInclude>
    <ClInclude Include="..\src\vm\noise.h">
      <Filter>Header Files\VM Common Header Files</Filter>
    </ClInclude>
    <ClInclude Include="..\src\vm\pcm1bit.h">
      <Filter>Header Files\VM Common Header Files</Filter>
    </ClInclude>
    <ClInclude Include="..\src\vm\prnfile.h">
      <Filter>Header Files\VM Common Header Files</Filter>
    </ClInclude>
    <ClInclude Include="..\src\vm\vm.h">
      <Filter>Header Files\VM Common Header Files</Filter>
    </ClInclude>
    <ClInclude Include="..\src\vm\vm_template.h">
      <Filter>Header Files\VM Common Header Files</Filter>
    </ClInclude>
    <ClInclude Include="..\src\vm\ym2203.h">
      <Filter>Header Files\VM Common Header Files</Filter>
    </ClInclude>
    <ClInclude Include="..\src\vm\z80.h">
      <Filter>Header Files\VM Common Header Files</Filter>
    </ClInclude>
    <ClInclude Include="..\src\vm\fmgen\diag.h">
      <Filter>Header Files\VM Common Header Files\fmgen Header Files</Filter>
    </ClInclude>
    <ClInclude Include="..\src\vm\fmgen\fmgen.h">
      <Filter>Header Files\VM Common Header Files\fmgen Header Files</Filter>
    </ClInclude>
    <ClInclude Include="..\src\vm\fmgen\fmgeninl.h">
      <Filter>Header Files\VM Common Header Files\fmgen Header Files</Filter>
    </ClInclude>
    <ClInclude Include="..\src\vm\fmgen\fmtimer.h">
      <Filter>Header Files\VM Common Header Files\fmgen Header Files</Filter>
    </ClInclude>
    <ClInclude Include="..\src\vm\fmgen\headers.h">
      <Filter>Header Files\VM Common Header Files\fmgen Header Files</Filter>
    </ClInclude>
    <ClInclude Include="..\src\vm\fmgen\misc.h">
      <Filter>Header Files\VM Common Header Files\fmgen Header Files</Filter>
    </ClInclude>
    <ClInclude Include="..\src\vm\fmgen\opna.h">
      <Filter>Header Files\VM Common Header Files\fmgen Header Files</Filter>
    </ClInclude>
    <ClInclude Include="..\src\vm\fmgen\psg.h">
      <Filter>Header Files\VM Common Header Files\fmgen Header Files</Filter>
    </ClInclude>
    <ClInclude Include="..\src\vm\fm7\dummydevice.h">
      <Filter>Header Files\VM Driver Header Files</Filter>
    </ClInclude>
    <ClInclude Include="..\src\vm\fm7\fm7.h">
      <Filter>Header Files\VM Driver Header Files</Filter>
    </ClInclude>
    <ClInclude Include="..\src\vm\fm7\fm7_common.h">
      <Filter>Header Files\VM Driver Header Files</Filter>
    </ClInclude>
    <ClInclude Include="..\src\vm\fm7\fm7_display.h">
      <Filter>Header Files\VM Driver Header Files</Filter>
    </ClInclude>
    <ClInclude Include="..\src\vm\fm7\fm7_keyboard.h">
      <Filter>Header Files\VM Driver Header Files</Filter>
    </ClInclude>
    <ClInclude Include="..\src\vm\fm7\fm7_mainio.h">
      <Filter>Header Files\VM Driver Header Files</Filter>
    </ClInclude>
    <ClInclude Include="..\src\vm\fm7\fm7_mainmem.h">
      <Filter>Header Files\VM Driver Header Files</Filter>
    </ClInclude>
    <ClInclude Include="..\src\vm\fm7\hd6844.h">
      <Filter>Header Files\VM Driver Header Files</Filter>
    </ClInclude>
    <ClInclude Include="..\src\vm\fm7\jcommcard.h">
      <Filter>Header Files\VM Driver Header Files</Filter>
    </ClInclude>
    <ClInclude Include="..\src\vm\fm7\joystick.h">
      <Filter>Header Files\VM Driver Header Files</Filter>
    </ClInclude>
    <ClInclude Include="..\src\vm\fm7\keyboard_tables.h">
      <Filter>Header Files\VM Driver Header Files</Filter>
    </ClInclude>
    <ClInclude Include="..\src\vm\fm7\mb61vh010.h">
      <Filter>Header Files\VM Driver Header Files</Filter>
    </ClInclude>
    <ClInclude Include="..\src\res\resource.h">
      <Filter>Resource Files</Filter>
    </ClInclude>
  </ItemGroup>
  <ItemGroup>
    <Image Include="..\src\res\fm77av40ex.ico">
      <Filter>Resource Files</Filter>
    </Image>
    <Image Include="..\src\res\indicator\access_green.bmp">
      <Filter>Resource Files</Filter>
    </Image>
    <Image Include="..\src\res\indicator\access_off.bmp">
      <Filter>Resource Files</Filter>
    </Image>
    <Image Include="..\src\res\indicator\access_on.bmp">
      <Filter>Resource Files</Filter>
    </Image>
  </ItemGroup>
  <ItemGroup>
    <ResourceCompile Include="..\src\res\fm77av40ex.rc">
      <Filter>Resource Files</Filter>
    </ResourceCompile>
  </ItemGroup>
</Project>