<?xml version="1.0" encoding="utf-8"?>
<Project ToolsVersion="4.0" xmlns="http://schemas.microsoft.com/developer/msbuild/2003">
  <ItemGroup>
    <Filter Include="Source Files">
      <UniqueIdentifier>{6dfa0652-7d5c-46ed-a762-1ee0212fa7d8}</UniqueIdentifier>
      <Extensions>cpp;c;cxx;rc;def;r;odl;idl;hpj;bat</Extensions>
    </Filter>
    <Filter Include="Source Files\EMU Source Files">
      <UniqueIdentifier>{b5e3e336-f640-4b01-acb5-496a9f4ae590}</UniqueIdentifier>
      <Extensions>cpp</Extensions>
    </Filter>
    <Filter Include="Source Files\OSD Source Files">
      <UniqueIdentifier>{9a1d4576-d08a-471d-9665-f36711d6625c}</UniqueIdentifier>
      <Extensions>cpp</Extensions>
    </Filter>
    <Filter Include="Source Files\VM Common Source Files">
      <UniqueIdentifier>{627b3b8d-f93f-4317-b936-f4efb0a8fce9}</UniqueIdentifier>
      <Extensions>cpp</Extensions>
    </Filter>
    <Filter Include="Source Files\VM Driver Source Files">
      <UniqueIdentifier>{c77b43c9-bf62-4ad9-90fd-d1a8d3c1efdc}</UniqueIdentifier>
      <Extensions>cpp</Extensions>
    </Filter>
    <Filter Include="Header Files">
      <UniqueIdentifier>{9be8955b-6333-423e-922c-7ee5542eef85}</UniqueIdentifier>
      <Extensions>h;hpp;hxx;hm;inl</Extensions>
    </Filter>
    <Filter Include="Header Files\EMU Header Files">
      <UniqueIdentifier>{13bf64b7-d3e2-4e41-9883-5a8393da50ad}</UniqueIdentifier>
      <Extensions>h</Extensions>
    </Filter>
    <Filter Include="Header Files\OSD Header Files">
      <UniqueIdentifier>{fc0b02fd-3bd5-4033-b5c8-300794524b6f}</UniqueIdentifier>
      <Extensions>h</Extensions>
    </Filter>
    <Filter Include="Header Files\VM Common Header Files">
      <UniqueIdentifier>{5cc33d5d-d1d1-40b0-b35c-f935b1adf39e}</UniqueIdentifier>
      <Extensions>h</Extensions>
    </Filter>
    <Filter Include="Header Files\VM Driver Header Files">
      <UniqueIdentifier>{8dc6af69-e148-41ac-a56e-9f9107a84c41}</UniqueIdentifier>
      <Extensions>h</Extensions>
    </Filter>
    <Filter Include="Resource Files">
      <UniqueIdentifier>{9890fba6-ddd9-4f52-a86a-31062811035b}</UniqueIdentifier>
      <Extensions>ico;cur;bmp;dlg;rc2;rct;bin;rgs;gif;jpg;jpeg;jpe</Extensions>
    </Filter>
  </ItemGroup>
  <ItemGroup>
    <ClCompile Include="..\src\common.cpp">
      <Filter>Source Files</Filter>
    </ClCompile>
    <ClCompile Include="..\src\config.cpp">
      <Filter>Source Files</Filter>
    </ClCompile>
    <ClCompile Include="..\src\fifo.cpp">
      <Filter>Source Files</Filter>
    </ClCompile>
    <ClCompile Include="..\src\fileio.cpp">
      <Filter>Source Files</Filter>
    </ClCompile>
    <ClCompile Include="..\src\debugger.cpp">
      <Filter>Source Files\EMU Source Files</Filter>
    </ClCompile>
    <ClCompile Include="..\src\emu.cpp">
      <Filter>Source Files\EMU Source Files</Filter>
    </ClCompile>
    <ClCompile Include="..\src\win32\osd.cpp">
      <Filter>Source Files\OSD Source Files</Filter>
    </ClCompile>
    <ClCompile Include="..\src\win32\osd_console.cpp">
      <Filter>Source Files\OSD Source Files</Filter>
    </ClCompile>
    <ClCompile Include="..\src\win32\osd_input.cpp">
      <Filter>Source Files\OSD Source Files</Filter>
    </ClCompile>
    <ClCompile Include="..\src\win32\osd_screen.cpp">
      <Filter>Source Files\OSD Source Files</Filter>
    </ClCompile>
    <ClCompile Include="..\src\win32\osd_sound.cpp">
      <Filter>Source Files\OSD Source Files</Filter>
    </ClCompile>
    <ClCompile Include="..\src\win32\winmain.cpp">
      <Filter>Source Files\OSD Source Files</Filter>
    </ClCompile>
    <ClCompile Include="..\src\vm\event.cpp">
      <Filter>Source Files\VM Common Source Files</Filter>
    </ClCompile>
    <ClCompile Include="..\src\vm\i8255.cpp">
      <Filter>Source Files\VM Common Source Files</Filter>
    </ClCompile>
    <ClCompile Include="..\src\vm\io.cpp">
      <Filter>Source Files\VM Common Source Files</Filter>
    </ClCompile>
    <ClCompile Include="..\src\vm\memory.cpp">
      <Filter>Source Files\VM Common Source Files</Filter>
    </ClCompile>
    <ClCompile Include="..\src\vm\pcm1bit.cpp">
      <Filter>Source Files\VM Common Source Files</Filter>
    </ClCompile>
    <ClCompile Include="..\src\vm\z80.cpp">
      <Filter>Source Files\VM Common Source Files</Filter>
    </ClCompile>
    <ClCompile Include="..\src\vm\ys6464a\display.cpp">
      <Filter>Source Files\VM Driver Source Files</Filter>
    </ClCompile>
    <ClCompile Include="..\src\vm\ys6464a\keyboard.cpp">
      <Filter>Source Files\VM Driver Source Files</Filter>
    </ClCompile>
    <ClCompile Include="..\src\vm\ys6464a\ys6464a.cpp">
      <Filter>Source Files\VM Driver Source Files</Filter>
    </ClCompile>
  </ItemGroup>
  <ItemGroup>
    <ClInclude Include="..\src\common.h">
      <Filter>Header Files</Filter>
    </ClInclude>
    <ClInclude Include="..\src\config.h">
      <Filter>Header Files</Filter>
    </ClInclude>
    <ClInclude Include="..\src\fifo.h">
      <Filter>Header Files</Filter>
    </ClInclude>
    <ClInclude Include="..\src\fileio.h">
      <Filter>Header Files</Filter>
    </ClInclude>
    <ClInclude Include="..\src\emu.h">
      <Filter>Header Files\EMU Header Files</Filter>
    </ClInclude>
    <ClInclude Include="..\src\win32\osd.h">
      <Filter>Header Files\OSD Header Files</Filter>
    </ClInclude>
    <ClInclude Include="..\src\vm\debugger.h">
      <Filter>Header Files\VM Common Header Files</Filter>
    </ClInclude>
    <ClInclude Include="..\src\vm\device.h">
      <Filter>Header Files\VM Common Header Files</Filter>
    </ClInclude>
    <ClInclude Include="..\src\vm\event.h">
      <Filter>Header Files\VM Common Header Files</Filter>
    </ClInclude>
    <ClInclude Include="..\src\vm\i8255.h">
      <Filter>Header Files\VM Common Header Files</Filter>
    </ClInclude>
    <ClInclude Include="..\src\vm\io.h">
      <Filter>Header Files\VM Common Header Files</Filter>
    </ClInclude>
    <ClInclude Include="..\src\vm\memory.h">
      <Filter>Header Files\VM Common Header Files</Filter>
    </ClInclude>
    <ClInclude Include="..\src\vm\pcm1bit.h">
      <Filter>Header Files\VM Common Header Files</Filter>
    </ClInclude>
    <ClInclude Include="..\src\vm\vm.h">
      <Filter>Header Files\VM Common Header Files</Filter>
    </ClInclude>
    <ClInclude Include="..\src\vm\vm_template.h">
      <Filter>Header Files\VM Common Header Files</Filter>
    </ClInclude>
    <ClInclude Include="..\src\vm\z80.h">
      <Filter>Header Files\VM Common Header Files</Filter>
    </ClInclude>
    <ClInclude Include="..\src\vm\ys6464a\display.h">
      <Filter>Header Files\VM Driver Header Files</Filter>
    </ClInclude>
    <ClInclude Include="..\src\vm\ys6464a\keyboard.h">
      <Filter>Header Files\VM Driver Header Files</Filter>
    </ClInclude>
    <ClInclude Include="..\src\vm\ys6464a\ys6464a.h">
      <Filter>Header Files\VM Driver Header Files</Filter>
    </ClInclude>
    <ClInclude Include="..\src\res\resource.h">
      <Filter>Resource Files</Filter>
    </ClInclude>
  </ItemGroup>
  <ItemGroup>
    <Image Include="..\src\res\ys6464a.ico">
      <Filter>Resource Files</Filter>
    </Image>
    <Image Include="..\src\res\ys6464a\board.png">
      <Filter>Resource Files</Filter>
    </Image>
    <Image Include="..\src\res\ys6464a\button00.png">
      <Filter>Resource Files</Filter>
    </Image>
    <Image Include="..\src\res\ys6464a\button01.png">
      <Filter>Resource Files</Filter>
    </Image>
    <Image Include="..\src\res\ys6464a\button02.png">
      <Filter>Resource Files</Filter>
    </Image>
    <Image Include="..\src\res\ys6464a\button03.png">
      <Filter>Resource Files</Filter>
    </Image>
    <Image Include="..\src\res\ys6464a\button04.png">
      <Filter>Resource Files</Filter>
    </Image>
    <Image Include="..\src\res\ys6464a\button05.png">
      <Filter>Resource Files</Filter>
    </Image>
    <Image Include="..\src\res\ys6464a\button06.png">
      <Filter>Resource Files</Filter>
    </Image>
    <Image Include="..\src\res\ys6464a\button07.png">
      <Filter>Resource Files</Filter>
    </Image>
    <Image Include="..\src\res\ys6464a\button08.png">
      <Filter>Resource Files</Filter>
    </Image>
    <Image Include="..\src\res\ys6464a\button09.png">
      <Filter>Resource Files</Filter>
    </Image>
    <Image Include="..\src\res\ys6464a\button10.png">
      <Filter>Resource Files</Filter>
    </Image>
    <Image Include="..\src\res\ys6464a\button11.png">
      <Filter>Resource Files</Filter>
    </Image>
    <Image Include="..\src\res\ys6464a\button12.png">
      <Filter>Resource Files</Filter>
    </Image>
    <Image Include="..\src\res\ys6464a\button13.png">
      <Filter>Resource Files</Filter>
    </Image>
    <Image Include="..\src\res\ys6464a\button14.png">
      <Filter>Resource Files</Filter>
    </Image>
    <Image Include="..\src\res\ys6464a\button15.png">
      <Filter>Resource Files</Filter>
    </Image>
    <Image Include="..\src\res\ys6464a\button16.png">
      <Filter>Resource Files</Filter>
    </Image>
    <Image Include="..\src\res\ys6464a\button17.png">
      <Filter>Resource Files</Filter>
    </Image>
    <Image Include="..\src\res\ys6464a\button18.png">
      <Filter>Resource Files</Filter>
    </Image>
    <Image Include="..\src\res\ys6464a\button19.png">
      <Filter>Resource Files</Filter>
    </Image>
    <Image Include="..\src\res\ys6464a\button20.png">
      <Filter>Resource Files</Filter>
    </Image>
  </ItemGroup>
  <ItemGroup>
    <ResourceCompile Include="..\src\res\ys6464a.rc">
      <Filter>Resource Files</Filter>
    </ResourceCompile>
  </ItemGroup>
</Project>