<?xml version="1.0" encoding="utf-8"?>
<Project ToolsVersion="4.0" xmlns="http://schemas.microsoft.com/developer/msbuild/2003">
  <ItemGroup>
    <Filter Include="Source Files">
      <UniqueIdentifier>{ce86c40c-d112-4291-b124-870e3b22ba8a}</UniqueIdentifier>
      <Extensions>cpp;c;cxx;rc;def;r;odl;idl;hpj;bat</Extensions>
    </Filter>
    <Filter Include="Source Files\EMU Source Files">
      <UniqueIdentifier>{82fe42eb-cb71-4046-bf10-7bad39b37384}</UniqueIdentifier>
      <Extensions>cpp</Extensions>
    </Filter>
    <Filter Include="Source Files\VM Common Source Files">
      <UniqueIdentifier>{49f7eba0-e382-473b-8eaa-dcaa2c771c91}</UniqueIdentifier>
      <Extensions>cpp</Extensions>
    </Filter>
    <Filter Include="Source Files\VM Common Source Files\fmgen Source Files">
      <UniqueIdentifier>{7efeba44-e6e7-48a9-9218-b4a8ebeed877}</UniqueIdentifier>
      <Extensions>cpp</Extensions>
    </Filter>
    <Filter Include="Source Files\VM Driver Source Files">
      <UniqueIdentifier>{178914bc-3bfa-4824-9cc6-6a01a0c02545}</UniqueIdentifier>
      <Extensions>cpp</Extensions>
    </Filter>
    <Filter Include="Header Files">
      <UniqueIdentifier>{419e2f0f-e5c7-4add-b9b4-a14589468687}</UniqueIdentifier>
      <Extensions>h;hpp;hxx;hm;inl</Extensions>
    </Filter>
    <Filter Include="Header Files\EMU Header Files">
      <UniqueIdentifier>{f8b2549d-df03-4098-b358-04ed6ab7103c}</UniqueIdentifier>
      <Extensions>h</Extensions>
    </Filter>
    <Filter Include="Header Files\VM Common Header Files">
      <UniqueIdentifier>{2f86e8ae-3957-41f7-ad13-366c65dec6b4}</UniqueIdentifier>
      <Extensions>h</Extensions>
    </Filter>
    <Filter Include="Header Files\VM Common Header Files\fmgen Header Files">
      <UniqueIdentifier>{aafe59f9-9d2f-462a-8e6c-42660ab927bb}</UniqueIdentifier>
    </Filter>
    <Filter Include="Header Files\VM Driver Header Files">
      <UniqueIdentifier>{bef0ed90-c890-4268-b076-c8dd58b015c6}</UniqueIdentifier>
      <Extensions>h</Extensions>
    </Filter>
    <Filter Include="Resource Files">
      <UniqueIdentifier>{4f5b1ca5-76ea-4563-8f51-f99449c39b1b}</UniqueIdentifier>
      <Extensions>ico;cur;bmp;dlg;rc2;rct;bin;rgs;gif;jpg;jpeg;jpe</Extensions>
    </Filter>
  </ItemGroup>
  <ItemGroup>
    <ClCompile Include="src\common.cpp">
      <Filter>Source Files</Filter>
    </ClCompile>
    <ClCompile Include="src\config.cpp">
      <Filter>Source Files</Filter>
    </ClCompile>
    <ClCompile Include="src\fifo.cpp">
      <Filter>Source Files</Filter>
    </ClCompile>
    <ClCompile Include="src\fileio.cpp">
      <Filter>Source Files</Filter>
    </ClCompile>
    <ClCompile Include="src\winmain.cpp">
      <Filter>Source Files</Filter>
    </ClCompile>
    <ClCompile Include="src\emu.cpp">
      <Filter>Source Files\EMU Source Files</Filter>
    </ClCompile>
    <ClCompile Include="src\win32_debugger.cpp">
      <Filter>Source Files\EMU Source Files</Filter>
    </ClCompile>
    <ClCompile Include="src\win32_input.cpp">
      <Filter>Source Files\EMU Source Files</Filter>
    </ClCompile>
    <ClCompile Include="src\win32_screen.cpp">
      <Filter>Source Files\EMU Source Files</Filter>
    </ClCompile>
    <ClCompile Include="src\win32_sound.cpp">
      <Filter>Source Files\EMU Source Files</Filter>
    </ClCompile>
    <ClCompile Include="src\vm\datarec.cpp">
      <Filter>Source Files\VM Common Source Files</Filter>
    </ClCompile>
    <ClCompile Include="src\vm\disk.cpp">
      <Filter>Source Files\VM Common Source Files</Filter>
    </ClCompile>
    <ClCompile Include="src\vm\event.cpp">
      <Filter>Source Files\VM Common Source Files</Filter>
    </ClCompile>
    <ClCompile Include="src\vm\mb8877.cpp">
      <Filter>Source Files\VM Common Source Files</Filter>
    </ClCompile>
    <ClCompile Include="src\vm\mc6809.cpp">
      <Filter>Source Files\VM Common Source Files</Filter>
    </ClCompile>
    <ClCompile Include="src\vm\memory.cpp">
      <Filter>Source Files\VM Common Source Files</Filter>
    </ClCompile>
    <ClCompile Include="src\vm\pcm1bit.cpp">
      <Filter>Source Files\VM Common Source Files</Filter>
    </ClCompile>
    <ClCompile Include="src\vm\ym2203.cpp">
      <Filter>Source Files\VM Common Source Files</Filter>
    </ClCompile>
    <ClCompile Include="src\vm\z80.cpp">
      <Filter>Source Files\VM Common Source Files</Filter>
    </ClCompile>
    <ClCompile Include="src\vm\fmgen\fmgen.cpp">
      <Filter>Source Files\VM Common Source Files\fmgen Source Files</Filter>
    </ClCompile>
    <ClCompile Include="src\vm\fmgen\fmtimer.cpp">
      <Filter>Source Files\VM Common Source Files\fmgen Source Files</Filter>
    </ClCompile>
    <ClCompile Include="src\vm\fmgen\opna.cpp">
      <Filter>Source Files\VM Common Source Files\fmgen Source Files</Filter>
    </ClCompile>
    <ClCompile Include="src\vm\fmgen\psg.cpp">
      <Filter>Source Files\VM Common Source Files\fmgen Source Files</Filter>
    </ClCompile>
    <ClCompile Include="src\vm\fm7\display.cpp">
      <Filter>Source Files\VM Driver Source Files</Filter>
    </ClCompile>
    <ClCompile Include="src\vm\fm7\floppy.cpp">
      <Filter>Source Files\VM Driver Source Files</Filter>
    </ClCompile>
    <ClCompile Include="src\vm\fm7\fm7.cpp">
      <Filter>Source Files\VM Driver Source Files</Filter>
    </ClCompile>
    <ClCompile Include="src\vm\fm7\fm7_mainio.cpp">
      <Filter>Source Files\VM Driver Source Files</Filter>
    </ClCompile>
    <ClCompile Include="src\vm\fm7\fm7_mainmem.cpp">
      <Filter>Source Files\VM Driver Source Files</Filter>
    </ClCompile>
    <ClCompile Include="src\vm\fm7\kanjirom.cpp">
      <Filter>Source Files\VM Driver Source Files</Filter>
    </ClCompile>
    <ClCompile Include="src\vm\fm7\keyboard.cpp">
      <Filter>Source Files\VM Driver Source Files</Filter>
    </ClCompile>
    <ClCompile Include="src\vm\fm7\mb61vh010.cpp">
      <Filter>Source Files\VM Driver Source Files</Filter>
    </ClCompile>
    <ClCompile Include="src\vm\fm7\sound.cpp">
      <Filter>Source Files\VM Driver Source Files</Filter>
    </ClCompile>
    <ClCompile Include="src\vm\fm7\joystick.cpp">
      <Filter>Source Files</Filter>
    </ClCompile>
    <ClCompile Include="src\vm\dummydevice.cpp">
      <Filter>Source Files</Filter>
    </ClCompile>
    <ClCompile Include="src\vm\beep.cpp">
      <Filter>Source Files</Filter>
    </ClCompile>
    <ClCompile Include="src\vm\fm7\vram.cpp">
      <Filter>Source Files</Filter>
    </ClCompile>
  </ItemGroup>
  <ItemGroup>
    <ClInclude Include="src\common.h">
      <Filter>Header Files</Filter>
    </ClInclude>
    <ClInclude Include="src\config.h">
      <Filter>Header Files</Filter>
    </ClInclude>
    <ClInclude Include="src\fifo.h">
      <Filter>Header Files</Filter>
    </ClInclude>
    <ClInclude Include="src\fileio.h">
      <Filter>Header Files</Filter>
    </ClInclude>
    <ClInclude Include="src\emu.h">
      <Filter>Header Files\EMU Header Files</Filter>
    </ClInclude>
    <ClInclude Include="src\vm\datarec.h">
      <Filter>Header Files\VM Common Header Files</Filter>
    </ClInclude>
    <ClInclude Include="src\vm\debugger.h">
      <Filter>Header Files\VM Common Header Files</Filter>
    </ClInclude>
    <ClInclude Include="src\vm\device.h">
      <Filter>Header Files\VM Common Header Files</Filter>
    </ClInclude>
    <ClInclude Include="src\vm\disk.h">
      <Filter>Header Files\VM Common Header Files</Filter>
    </ClInclude>
    <ClInclude Include="src\vm\event.h">
      <Filter>Header Files\VM Common Header Files</Filter>
    </ClInclude>
    <ClInclude Include="src\vm\mb8877.h">
      <Filter>Header Files\VM Common Header Files</Filter>
    </ClInclude>
    <ClInclude Include="src\vm\mc6809.h">
      <Filter>Header Files\VM Common Header Files</Filter>
    </ClInclude>
    <ClInclude Include="src\vm\memory.h">
      <Filter>Header Files\VM Common Header Files</Filter>
    </ClInclude>
    <ClInclude Include="src\vm\pcm1bit.h">
      <Filter>Header Files\VM Common Header Files</Filter>
    </ClInclude>
    <ClInclude Include="src\vm\vm.h">
      <Filter>Header Files\VM Common Header Files</Filter>
    </ClInclude>
    <ClInclude Include="src\vm\ym2203.h">
      <Filter>Header Files\VM Common Header Files</Filter>
    </ClInclude>
    <ClInclude Include="src\vm\z80.h">
      <Filter>Header Files\VM Common Header Files</Filter>
    </ClInclude>
    <ClInclude Include="src\vm\fmgen\diag.h">
      <Filter>Header Files\VM Common Header Files\fmgen Header Files</Filter>
    </ClInclude>
    <ClInclude Include="src\vm\fmgen\file.h">
      <Filter>Header Files\VM Common Header Files\fmgen Header Files</Filter>
    </ClInclude>
    <ClInclude Include="src\vm\fmgen\fmgen.h">
      <Filter>Header Files\VM Common Header Files\fmgen Header Files</Filter>
    </ClInclude>
    <ClInclude Include="src\vm\fmgen\fmgeninl.h">
      <Filter>Header Files\VM Common Header Files\fmgen Header Files</Filter>
    </ClInclude>
    <ClInclude Include="src\vm\fmgen\fmtimer.h">
      <Filter>Header Files\VM Common Header Files\fmgen Header Files</Filter>
    </ClInclude>
    <ClInclude Include="src\vm\fmgen\headers.h">
      <Filter>Header Files\VM Common Header Files\fmgen Header Files</Filter>
    </ClInclude>
    <ClInclude Include="src\vm\fmgen\misc.h">
      <Filter>Header Files\VM Common Header Files\fmgen Header Files</Filter>
    </ClInclude>
    <ClInclude Include="src\vm\fmgen\opna.h">
      <Filter>Header Files\VM Common Header Files\fmgen Header Files</Filter>
    </ClInclude>
    <ClInclude Include="src\vm\fmgen\psg.h">
      <Filter>Header Files\VM Common Header Files\fmgen Header Files</Filter>
    </ClInclude>
    <ClInclude Include="src\vm\fmgen\types.h">
      <Filter>Header Files\VM Common Header Files\fmgen Header Files</Filter>
    </ClInclude>
    <ClInclude Include="src\vm\fm7\fm7.h">
      <Filter>Header Files\VM Driver Header Files</Filter>
    </ClInclude>
    <ClInclude Include="src\vm\fm7\fm7_common.h">
      <Filter>Header Files\VM Driver Header Files</Filter>
    </ClInclude>
    <ClInclude Include="src\vm\fm7\fm7_dipsw.h">
      <Filter>Header Files\VM Driver Header Files</Filter>
    </ClInclude>
    <ClInclude Include="src\vm\fm7\fm7_display.h">
      <Filter>Header Files\VM Driver Header Files</Filter>
    </ClInclude>
    <ClInclude Include="src\vm\fm7\fm7_keyboard.h">
      <Filter>Header Files\VM Driver Header Files</Filter>
    </ClInclude>
    <ClInclude Include="src\vm\fm7\fm7_mainio.h">
      <Filter>Header Files\VM Driver Header Files</Filter>
    </ClInclude>
    <ClInclude Include="src\vm\fm7\fm7_mainmem.h">
      <Filter>Header Files\VM Driver Header Files</Filter>
    </ClInclude>
    <ClInclude Include="src\vm\fm7\mb61vh010.h">
      <Filter>Header Files\VM Driver Header Files</Filter>
    </ClInclude>
    <ClInclude Include="src\res\resource.h">
      <Filter>Resource Files</Filter>
    </ClInclude>
    <ClInclude Include="src\vm\fm7\joystick.h">
      <Filter>Header Files</Filter>
    </ClInclude>
    <ClInclude Include="src\vm\fm7\kanjirom.h">
      <Filter>Header Files</Filter>
    </ClInclude>
    <ClInclude Include="src\vm\fm7\keyboard_tables.h">
      <Filter>Header Files</Filter>
    </ClInclude>
    <ClInclude Include="src\res\machine_res.h">
      <Filter>Header Files</Filter>
    </ClInclude>
    <ClInclude Include="src\vm\dummydevice.h">
      <Filter>Header Files</Filter>
    </ClInclude>
    <ClInclude Include="src\vm\beep.h">
      <Filter>Header Files</Filter>
    </ClInclude>
  </ItemGroup>
  <ItemGroup>
    <Image Include="src\res\fm77av.ico">
      <Filter>Resource Files</Filter>
    </Image>
  </ItemGroup>
  <ItemGroup>
    <ResourceCompile Include="src\res\fm77av.rc">
      <Filter>Resource Files</Filter>
    </ResourceCompile>
  </ItemGroup>
</Project>