<?xml version="1.0" encoding="utf-8"?>
<Project ToolsVersion="4.0" xmlns="http://schemas.microsoft.com/developer/msbuild/2003">
  <ItemGroup>
    <Filter Include="Source Files">
      <UniqueIdentifier>{a55349b7-7195-48f0-b5bf-512ef41d1ad2}</UniqueIdentifier>
      <Extensions>cpp;c;cxx;rc;def;r;odl;idl;hpj;bat</Extensions>
    </Filter>
    <Filter Include="Source Files\EMU Source Files">
      <UniqueIdentifier>{fa546095-36c9-44cf-9273-0186132bc0f2}</UniqueIdentifier>
      <Extensions>cpp</Extensions>
    </Filter>
    <Filter Include="Source Files\OSD Source Files">
      <UniqueIdentifier>{bcf7a189-b2fc-4eee-8bb0-a93c055650d6}</UniqueIdentifier>
      <Extensions>cpp</Extensions>
    </Filter>
    <Filter Include="Source Files\VM Common Source Files">
      <UniqueIdentifier>{481a2196-fc7a-4131-aaa5-06d917748299}</UniqueIdentifier>
      <Extensions>cpp</Extensions>
    </Filter>
    <Filter Include="Source Files\VM Driver Source Files">
      <UniqueIdentifier>{4a786085-9374-4c7b-b660-20c7ea5236b5}</UniqueIdentifier>
      <Extensions>cpp</Extensions>
    </Filter>
    <Filter Include="Header Files">
      <UniqueIdentifier>{6d733c5c-643f-4f44-878f-cb9d1b93d45c}</UniqueIdentifier>
      <Extensions>h;hpp;hxx;hm;inl</Extensions>
    </Filter>
    <Filter Include="Header Files\EMU Header Files">
      <UniqueIdentifier>{2c5577aa-9df4-49eb-8e54-1bd1c99a8f82}</UniqueIdentifier>
      <Extensions>h</Extensions>
    </Filter>
    <Filter Include="Header Files\OSD Header Files">
      <UniqueIdentifier>{855ebc25-92cf-40d3-afe8-1e1547a90d19}</UniqueIdentifier>
      <Extensions>h</Extensions>
    </Filter>
    <Filter Include="Header Files\VM Common Header Files">
      <UniqueIdentifier>{51014f1d-823f-472c-90ac-06105225b345}</UniqueIdentifier>
      <Extensions>h</Extensions>
    </Filter>
    <Filter Include="Header Files\VM Driver Header Files">
      <UniqueIdentifier>{c1ef2ab2-f991-4b1b-85ed-75d9dcf81384}</UniqueIdentifier>
      <Extensions>h</Extensions>
    </Filter>
    <Filter Include="Resource Files">
      <UniqueIdentifier>{409ace6e-4f5e-480a-befe-d7efd14b2eb6}</UniqueIdentifier>
      <Extensions>ico;cur;bmp;dlg;rc2;rct;bin;rgs;gif;jpg;jpeg;jpe</Extensions>
    </Filter>
  </ItemGroup>
  <ItemGroup>
    <ClCompile Include="..\src\common.cpp">
      <Filter>Source Files</Filter>
    </ClCompile>
    <ClCompile Include="..\src\config.cpp">
      <Filter>Source Files</Filter>
    </ClCompile>
    <ClCompile Include="..\src\fifo.cpp">
      <Filter>Source Files</Filter>
    </ClCompile>
    <ClCompile Include="..\src\fileio.cpp">
      <Filter>Source Files</Filter>
    </ClCompile>
    <ClCompile Include="..\src\debugger.cpp">
      <Filter>Source Files\EMU Source Files</Filter>
    </ClCompile>
    <ClCompile Include="..\src\emu.cpp">
      <Filter>Source Files\EMU Source Files</Filter>
    </ClCompile>
    <ClCompile Include="..\src\win32\osd.cpp">
      <Filter>Source Files\OSD Source Files</Filter>
    </ClCompile>
    <ClCompile Include="..\src\win32\osd_console.cpp">
      <Filter>Source Files\OSD Source Files</Filter>
    </ClCompile>
    <ClCompile Include="..\src\win32\osd_input.cpp">
      <Filter>Source Files\OSD Source Files</Filter>
    </ClCompile>
    <ClCompile Include="..\src\win32\osd_screen.cpp">
      <Filter>Source Files\OSD Source Files</Filter>
    </ClCompile>
    <ClCompile Include="..\src\win32\osd_sound.cpp">
      <Filter>Source Files\OSD Source Files</Filter>
    </ClCompile>
    <ClCompile Include="..\src\win32\winmain.cpp">
      <Filter>Source Files\OSD Source Files</Filter>
    </ClCompile>
    <ClCompile Include="..\src\vm\disk.cpp">
      <Filter>Source Files\VM Common Source Files</Filter>
    </ClCompile>
    <ClCompile Include="..\src\vm\event.cpp">
      <Filter>Source Files\VM Common Source Files</Filter>
    </ClCompile>
    <ClCompile Include="..\src\vm\harddisk.cpp">
      <Filter>Source Files\VM Common Source Files</Filter>
    </ClCompile>
    <ClCompile Include="..\src\vm\hd46505.cpp">
      <Filter>Source Files\VM Common Source Files</Filter>
    </ClCompile>
    <ClCompile Include="..\src\vm\i386.cpp">
      <Filter>Source Files\VM Common Source Files</Filter>
    </ClCompile>
    <ClCompile Include="..\src\vm\i8251.cpp">
      <Filter>Source Files\VM Common Source Files</Filter>
    </ClCompile>
    <ClCompile Include="..\src\vm\i8253.cpp">
      <Filter>Source Files\VM Common Source Files</Filter>
    </ClCompile>
    <ClCompile Include="..\src\vm\i8259.cpp">
      <Filter>Source Files\VM Common Source Files</Filter>
    </ClCompile>
    <ClCompile Include="..\src\vm\io.cpp">
      <Filter>Source Files\VM Common Source Files</Filter>
    </ClCompile>
    <ClCompile Include="..\src\vm\mb8877.cpp">
      <Filter>Source Files\VM Common Source Files</Filter>
    </ClCompile>
    <ClCompile Include="..\src\vm\msm58321.cpp">
      <Filter>Source Files\VM Common Source Files</Filter>
    </ClCompile>
    <ClCompile Include="..\src\vm\noise.cpp">
      <Filter>Source Files\VM Common Source Files</Filter>
    </ClCompile>
    <ClCompile Include="..\src\vm\pcm1bit.cpp">
      <Filter>Source Files\VM Common Source Files</Filter>
    </ClCompile>
    <ClCompile Include="..\src\vm\scsi_dev.cpp">
      <Filter>Source Files\VM Common Source Files</Filter>
    </ClCompile>
    <ClCompile Include="..\src\vm\scsi_hdd.cpp">
      <Filter>Source Files\VM Common Source Files</Filter>
    </ClCompile>
    <ClCompile Include="..\src\vm\scsi_host.cpp">
      <Filter>Source Files\VM Common Source Files</Filter>
    </ClCompile>
    <ClCompile Include="..\src\vm\upd71071.cpp">
      <Filter>Source Files\VM Common Source Files</Filter>
    </ClCompile>
    <ClCompile Include="..\src\vm\fmr50\bios.cpp">
      <Filter>Source Files\VM Driver Source Files</Filter>
    </ClCompile>
    <ClCompile Include="..\src\vm\fmr50\cmos.cpp">
      <Filter>Source Files\VM Driver Source Files</Filter>
    </ClCompile>
    <ClCompile Include="..\src\vm\fmr50\floppy.cpp">
      <Filter>Source Files\VM Driver Source Files</Filter>
    </ClCompile>
    <ClCompile Include="..\src\vm\fmr50\fmr50.cpp">
      <Filter>Source Files\VM Driver Source Files</Filter>
    </ClCompile>
    <ClCompile Include="..\src\vm\fmr50\keyboard.cpp">
      <Filter>Source Files\VM Driver Source Files</Filter>
    </ClCompile>
    <ClCompile Include="..\src\vm\fmr50\memory.cpp">
      <Filter>Source Files\VM Driver Source Files</Filter>
    </ClCompile>
    <ClCompile Include="..\src\vm\fmr50\scsi.cpp">
      <Filter>Source Files\VM Driver Source Files</Filter>
    </ClCompile>
    <ClCompile Include="..\src\vm\fmr50\timer.cpp">
      <Filter>Source Files\VM Driver Source Files</Filter>
    </ClCompile>
  </ItemGroup>
  <ItemGroup>
    <ClInclude Include="..\src\common.h">
      <Filter>Header Files</Filter>
    </ClInclude>
    <ClInclude Include="..\src\config.h">
      <Filter>Header Files</Filter>
    </ClInclude>
    <ClInclude Include="..\src\fifo.h">
      <Filter>Header Files</Filter>
    </ClInclude>
    <ClInclude Include="..\src\fileio.h">
      <Filter>Header Files</Filter>
    </ClInclude>
    <ClInclude Include="..\src\emu.h">
      <Filter>Header Files\EMU Header Files</Filter>
    </ClInclude>
    <ClInclude Include="..\src\win32\osd.h">
      <Filter>Header Files\OSD Header Files</Filter>
    </ClInclude>
    <ClInclude Include="..\src\vm\debugger.h">
      <Filter>Header Files\VM Common Header Files</Filter>
    </ClInclude>
    <ClInclude Include="..\src\vm\device.h">
      <Filter>Header Files\VM Common Header Files</Filter>
    </ClInclude>
    <ClInclude Include="..\src\vm\disk.h">
      <Filter>Header Files\VM Common Header Files</Filter>
    </ClInclude>
    <ClInclude Include="..\src\vm\event.h">
      <Filter>Header Files\VM Common Header Files</Filter>
    </ClInclude>
    <ClInclude Include="..\src\vm\harddisk.h">
      <Filter>Header Files\VM Common Header Files</Filter>
    </ClInclude>
    <ClInclude Include="..\src\vm\hd46505.h">
      <Filter>Header Files\VM Common Header Files</Filter>
    </ClInclude>
    <ClInclude Include="..\src\vm\i386.h">
      <Filter>Header Files\VM Common Header Files</Filter>
    </ClInclude>
    <ClInclude Include="..\src\vm\i8251.h">
      <Filter>Header Files\VM Common Header Files</Filter>
    </ClInclude>
    <ClInclude Include="..\src\vm\i8253.h">
      <Filter>Header Files\VM Common Header Files</Filter>
    </ClInclude>
    <ClInclude Include="..\src\vm\i8259.h">
      <Filter>Header Files\VM Common Header Files</Filter>
    </ClInclude>
    <ClInclude Include="..\src\vm\io.h">
      <Filter>Header Files\VM Common Header Files</Filter>
    </ClInclude>
    <ClInclude Include="..\src\vm\mb8877.h">
      <Filter>Header Files\VM Common Header Files</Filter>
    </ClInclude>
    <ClInclude Include="..\src\vm\msm58321.h">
      <Filter>Header Files\VM Common Header Files</Filter>
    </ClInclude>
    <ClInclude Include="..\src\vm\noise.h">
      <Filter>Header Files\VM Common Header Files</Filter>
    </ClInclude>
    <ClInclude Include="..\src\vm\pcm1bit.h">
      <Filter>Header Files\VM Common Header Files</Filter>
    </ClInclude>
    <ClInclude Include="..\src\vm\scsi_dev.h">
      <Filter>Header Files\VM Common Header Files</Filter>
    </ClInclude>
    <ClInclude Include="..\src\vm\scsi_hdd.h">
      <Filter>Header Files\VM Common Header Files</Filter>
    </ClInclude>
    <ClInclude Include="..\src\vm\scsi_host.h">
      <Filter>Header Files\VM Common Header Files</Filter>
    </ClInclude>
    <ClInclude Include="..\src\vm\upd71071.h">
      <Filter>Header Files\VM Common Header Files</Filter>
    </ClInclude>
    <ClInclude Include="..\src\vm\vm.h">
      <Filter>Header Files\VM Common Header Files</Filter>
    </ClInclude>
    <ClInclude Include="..\src\vm\vm_template.h">
      <Filter>Header Files\VM Common Header Files</Filter>
    </ClInclude>
    <ClInclude Include="..\src\vm\fmr50\bios.h">
      <Filter>Header Files\VM Driver Header Files</Filter>
    </ClInclude>
    <ClInclude Include="..\src\vm\fmr50\cmos.h">
      <Filter>Header Files\VM Driver Header Files</Filter>
    </ClInclude>
    <ClInclude Include="..\src\vm\fmr50\floppy.h">
      <Filter>Header Files\VM Driver Header Files</Filter>
    </ClInclude>
    <ClInclude Include="..\src\vm\fmr50\fmr50.h">
      <Filter>Header Files\VM Driver Header Files</Filter>
    </ClInclude>
    <ClInclude Include="..\src\vm\fmr50\keyboard.h">
      <Filter>Header Files\VM Driver Header Files</Filter>
    </ClInclude>
    <ClInclude Include="..\src\vm\fmr50\memory.h">
      <Filter>Header Files\VM Driver Header Files</Filter>
    </ClInclude>
    <ClInclude Include="..\src\vm\fmr50\scsi.h">
      <Filter>Header Files\VM Driver Header Files</Filter>
    </ClInclude>
    <ClInclude Include="..\src\vm\fmr50\timer.h">
      <Filter>Header Files\VM Driver Header Files</Filter>
    </ClInclude>
    <ClInclude Include="..\src\res\resource.h">
      <Filter>Resource Files</Filter>
    </ClInclude>
  </ItemGroup>
  <ItemGroup>
    <Image Include="..\src\res\fmr50.ico">
      <Filter>Resource Files</Filter>
    </Image>
    <Image Include="..\src\res\indicator\access_off.bmp">
      <Filter>Resource Files</Filter>
    </Image>
    <Image Include="..\src\res\indicator\access_on.bmp">
      <Filter>Resource Files</Filter>
    </Image>
  </ItemGroup>
  <ItemGroup>
    <ResourceCompile Include="..\src\res\fmr50_i386.rc">
      <Filter>Resource Files</Filter>
    </ResourceCompile>
  </ItemGroup>
</Project>