<?xml version="1.0" encoding="utf-8"?>
<Project ToolsVersion="4.0" xmlns="http://schemas.microsoft.com/developer/msbuild/2003">
  <ItemGroup>
    <Filter Include="Source Files">
      <UniqueIdentifier>{e6eaa8f7-70cd-464e-90e6-271c9b1bca6f}</UniqueIdentifier>
      <Extensions>cpp;c;cxx;rc;def;r;odl;idl;hpj;bat</Extensions>
    </Filter>
    <Filter Include="Source Files\EMU Source Files">
      <UniqueIdentifier>{69daacb6-b386-4db7-a4bc-9bec0b80f2c8}</UniqueIdentifier>
      <Extensions>cpp</Extensions>
    </Filter>
    <Filter Include="Source Files\OSD Source Files">
      <UniqueIdentifier>{01da9c0d-6607-4d5a-afe6-1716d90b5937}</UniqueIdentifier>
      <Extensions>cpp</Extensions>
    </Filter>
    <Filter Include="Source Files\VM Common Source Files">
      <UniqueIdentifier>{5aa7a5de-8142-4ff3-8dee-6f35dfafc043}</UniqueIdentifier>
      <Extensions>cpp</Extensions>
    </Filter>
    <Filter Include="Source Files\VM Driver Source Files">
      <UniqueIdentifier>{5d3e251c-ac44-4edf-9bda-ed329926d71d}</UniqueIdentifier>
      <Extensions>cpp</Extensions>
    </Filter>
    <Filter Include="Header Files">
      <UniqueIdentifier>{1bc4f8c0-db3f-4e59-b45f-929574156927}</UniqueIdentifier>
      <Extensions>h;hpp;hxx;hm;inl</Extensions>
    </Filter>
    <Filter Include="Header Files\EMU Header Files">
      <UniqueIdentifier>{17517c09-ea90-4e71-8287-858f6139f1c6}</UniqueIdentifier>
      <Extensions>h</Extensions>
    </Filter>
    <Filter Include="Header Files\OSD Header Files">
      <UniqueIdentifier>{a74b92f5-97e4-456f-aa5c-f7dcc03cdb31}</UniqueIdentifier>
      <Extensions>h</Extensions>
    </Filter>
    <Filter Include="Header Files\VM Common Header Files">
      <UniqueIdentifier>{09a16a9d-31fa-45e0-9e74-55c4befa75d6}</UniqueIdentifier>
      <Extensions>h</Extensions>
    </Filter>
    <Filter Include="Header Files\VM Driver Header Files">
      <UniqueIdentifier>{ebc4d0a0-44e3-46f9-b8c0-ab972472a876}</UniqueIdentifier>
      <Extensions>h</Extensions>
    </Filter>
    <Filter Include="Resource Files">
      <UniqueIdentifier>{eef28b71-9702-45c4-bb82-60e8e5535af9}</UniqueIdentifier>
      <Extensions>ico;cur;bmp;dlg;rc2;rct;bin;rgs;gif;jpg;jpeg;jpe</Extensions>
    </Filter>
  </ItemGroup>
  <ItemGroup>
    <ClCompile Include="..\src\common.cpp">
      <Filter>Source Files</Filter>
    </ClCompile>
    <ClCompile Include="..\src\config.cpp">
      <Filter>Source Files</Filter>
    </ClCompile>
    <ClCompile Include="..\src\fifo.cpp">
      <Filter>Source Files</Filter>
    </ClCompile>
    <ClCompile Include="..\src\fileio.cpp">
      <Filter>Source Files</Filter>
    </ClCompile>
    <ClCompile Include="..\src\debugger.cpp">
      <Filter>Source Files\EMU Source Files</Filter>
    </ClCompile>
    <ClCompile Include="..\src\emu.cpp">
      <Filter>Source Files\EMU Source Files</Filter>
    </ClCompile>
    <ClCompile Include="..\src\win32\osd.cpp">
      <Filter>Source Files\OSD Source Files</Filter>
    </ClCompile>
    <ClCompile Include="..\src\win32\osd_console.cpp">
      <Filter>Source Files\OSD Source Files</Filter>
    </ClCompile>
    <ClCompile Include="..\src\win32\osd_input.cpp">
      <Filter>Source Files\OSD Source Files</Filter>
    </ClCompile>
    <ClCompile Include="..\src\win32\osd_screen.cpp">
      <Filter>Source Files\OSD Source Files</Filter>
    </ClCompile>
    <ClCompile Include="..\src\win32\osd_sound.cpp">
      <Filter>Source Files\OSD Source Files</Filter>
    </ClCompile>
    <ClCompile Include="..\src\win32\winmain.cpp">
      <Filter>Source Files\OSD Source Files</Filter>
    </ClCompile>
    <ClCompile Include="..\src\vm\datarec.cpp">
      <Filter>Source Files\VM Common Source Files</Filter>
    </ClCompile>
    <ClCompile Include="..\src\vm\event.cpp">
      <Filter>Source Files\VM Common Source Files</Filter>
    </ClCompile>
    <ClCompile Include="..\src\vm\i8080.cpp">
      <Filter>Source Files\VM Common Source Files</Filter>
    </ClCompile>
    <ClCompile Include="..\src\vm\memory.cpp">
      <Filter>Source Files\VM Common Source Files</Filter>
    </ClCompile>
    <ClCompile Include="..\src\vm\noise.cpp">
      <Filter>Source Files\VM Common Source Files</Filter>
    </ClCompile>
    <ClCompile Include="..\src\vm\rp5c01.cpp">
      <Filter>Source Files\VM Common Source Files</Filter>
    </ClCompile>
    <ClCompile Include="..\src\vm\fp200\fp200.cpp">
      <Filter>Source Files\VM Driver Source Files</Filter>
    </ClCompile>
    <ClCompile Include="..\src\vm\fp200\io.cpp">
      <Filter>Source Files\VM Driver Source Files</Filter>
    </ClCompile>
  </ItemGroup>
  <ItemGroup>
    <ClInclude Include="..\src\common.h">
      <Filter>Header Files</Filter>
    </ClInclude>
    <ClInclude Include="..\src\config.h">
      <Filter>Header Files</Filter>
    </ClInclude>
    <ClInclude Include="..\src\fifo.h">
      <Filter>Header Files</Filter>
    </ClInclude>
    <ClInclude Include="..\src\fileio.h">
      <Filter>Header Files</Filter>
    </ClInclude>
    <ClInclude Include="..\src\emu.h">
      <Filter>Header Files\EMU Header Files</Filter>
    </ClInclude>
    <ClInclude Include="..\src\win32\osd.h">
      <Filter>Header Files\OSD Header Files</Filter>
    </ClInclude>
    <ClInclude Include="..\src\vm\datarec.h">
      <Filter>Header Files\VM Common Header Files</Filter>
    </ClInclude>
    <ClInclude Include="..\src\vm\debugger.h">
      <Filter>Header Files\VM Common Header Files</Filter>
    </ClInclude>
    <ClInclude Include="..\src\vm\device.h">
      <Filter>Header Files\VM Common Header Files</Filter>
    </ClInclude>
    <ClInclude Include="..\src\vm\event.h">
      <Filter>Header Files\VM Common Header Files</Filter>
    </ClInclude>
    <ClInclude Include="..\src\vm\i8080.h">
      <Filter>Header Files\VM Common Header Files</Filter>
    </ClInclude>
    <ClInclude Include="..\src\vm\memory.h">
      <Filter>Header Files\VM Common Header Files</Filter>
    </ClInclude>
    <ClInclude Include="..\src\vm\noise.h">
      <Filter>Header Files\VM Common Header Files</Filter>
    </ClInclude>
    <ClInclude Include="..\src\vm\rp5c01.h">
      <Filter>Header Files\VM Common Header Files</Filter>
    </ClInclude>
    <ClInclude Include="..\src\vm\vm.h">
      <Filter>Header Files\VM Common Header Files</Filter>
    </ClInclude>
    <ClInclude Include="..\src\vm\fp200\fp200.h">
      <Filter>Header Files\VM Driver Header Files</Filter>
    </ClInclude>
    <ClInclude Include="..\src\vm\fp200\io.h">
      <Filter>Header Files\VM Driver Header Files</Filter>
    </ClInclude>
    <ClInclude Include="..\src\res\resource.h">
      <Filter>Resource Files</Filter>
    </ClInclude>
  </ItemGroup>
  <ItemGroup>
    <Image Include="..\src\res\fp200.ico">
      <Filter>Resource Files</Filter>
    </Image>
  </ItemGroup>
  <ItemGroup>
    <ResourceCompile Include="..\src\res\fp200.rc">
      <Filter>Resource Files</Filter>
    </ResourceCompile>
  </ItemGroup>
</Project>