<?xml version="1.0" encoding="utf-8"?>
<Project ToolsVersion="4.0" xmlns="http://schemas.microsoft.com/developer/msbuild/2003">
  <ItemGroup>
    <Filter Include="Source Files">
      <UniqueIdentifier>{0fd22413-9d75-40b9-a0dd-f18ef1e71727}</UniqueIdentifier>
      <Extensions>cpp;c;cxx;rc;def;r;odl;idl;hpj;bat</Extensions>
    </Filter>
    <Filter Include="Source Files\EMU Source Files">
      <UniqueIdentifier>{ffa52b93-001c-42bc-ba5e-20eb8640eeda}</UniqueIdentifier>
      <Extensions>cpp</Extensions>
    </Filter>
    <Filter Include="Source Files\OSD Source Files">
      <UniqueIdentifier>{d94c4977-c962-4535-816e-1d5d4fae323c}</UniqueIdentifier>
      <Extensions>cpp</Extensions>
    </Filter>
    <Filter Include="Source Files\VM Common Source Files">
      <UniqueIdentifier>{0adccf67-aa2f-428c-84e1-0419e1b5dec0}</UniqueIdentifier>
      <Extensions>cpp</Extensions>
    </Filter>
    <Filter Include="Source Files\VM Driver Source Files">
      <UniqueIdentifier>{fe41c133-d259-4455-acc9-0f20b78ab9c6}</UniqueIdentifier>
      <Extensions>cpp</Extensions>
    </Filter>
    <Filter Include="Header Files">
      <UniqueIdentifier>{b9ede1e5-326c-43bb-aadc-3c3014c61d2a}</UniqueIdentifier>
      <Extensions>h;hpp;hxx;hm;inl</Extensions>
    </Filter>
    <Filter Include="Header Files\EMU Header Files">
      <UniqueIdentifier>{d16b26ab-4a2c-4af5-b934-bbb5c69a5286}</UniqueIdentifier>
      <Extensions>h</Extensions>
    </Filter>
    <Filter Include="Header Files\OSD Header Files">
      <UniqueIdentifier>{dea46d1f-69d0-4768-9ccb-2ada65e2e49d}</UniqueIdentifier>
      <Extensions>h</Extensions>
    </Filter>
    <Filter Include="Header Files\VM Common Header Files">
      <UniqueIdentifier>{b962a1e3-ca19-4c7b-8447-e1afce06a4d7}</UniqueIdentifier>
      <Extensions>h</Extensions>
    </Filter>
    <Filter Include="Header Files\VM Driver Header Files">
      <UniqueIdentifier>{9fedd062-4682-4045-b4f4-b335ca9fb828}</UniqueIdentifier>
      <Extensions>h</Extensions>
    </Filter>
    <Filter Include="Resource Files">
      <UniqueIdentifier>{71c8c9c3-802e-425a-b840-7b1f70dac64c}</UniqueIdentifier>
      <Extensions>ico;cur;bmp;dlg;rc2;rct;bin;rgs;gif;jpg;jpeg;jpe</Extensions>
    </Filter>
  </ItemGroup>
  <ItemGroup>
    <ClCompile Include="..\src\common.cpp">
      <Filter>Source Files</Filter>
    </ClCompile>
    <ClCompile Include="..\src\config.cpp">
      <Filter>Source Files</Filter>
    </ClCompile>
    <ClCompile Include="..\src\fifo.cpp">
      <Filter>Source Files</Filter>
    </ClCompile>
    <ClCompile Include="..\src\fileio.cpp">
      <Filter>Source Files</Filter>
    </ClCompile>
    <ClCompile Include="..\src\debugger.cpp">
      <Filter>Source Files\EMU Source Files</Filter>
    </ClCompile>
    <ClCompile Include="..\src\emu.cpp">
      <Filter>Source Files\EMU Source Files</Filter>
    </ClCompile>
    <ClCompile Include="..\src\win32\osd.cpp">
      <Filter>Source Files\OSD Source Files</Filter>
    </ClCompile>
    <ClCompile Include="..\src\win32\osd_console.cpp">
      <Filter>Source Files\OSD Source Files</Filter>
    </ClCompile>
    <ClCompile Include="..\src\win32\osd_input.cpp">
      <Filter>Source Files\OSD Source Files</Filter>
    </ClCompile>
    <ClCompile Include="..\src\win32\osd_screen.cpp">
      <Filter>Source Files\OSD Source Files</Filter>
    </ClCompile>
    <ClCompile Include="..\src\win32\osd_sound.cpp">
      <Filter>Source Files\OSD Source Files</Filter>
    </ClCompile>
    <ClCompile Include="..\src\win32\winmain.cpp">
      <Filter>Source Files\OSD Source Files</Filter>
    </ClCompile>
    <ClCompile Include="..\src\vm\datarec.cpp">
      <Filter>Source Files\VM Common Source Files</Filter>
    </ClCompile>
    <ClCompile Include="..\src\vm\event.cpp">
      <Filter>Source Files\VM Common Source Files</Filter>
    </ClCompile>
    <ClCompile Include="..\src\vm\sn76489an.cpp">
      <Filter>Source Files\VM Common Source Files</Filter>
    </ClCompile>
    <ClCompile Include="..\src\vm\tms9918a.cpp">
      <Filter>Source Files\VM Common Source Files</Filter>
    </ClCompile>
    <ClCompile Include="..\src\vm\tms9995.cpp">
      <Filter>Source Files\VM Common Source Files</Filter>
    </ClCompile>
    <ClCompile Include="..\src\vm\pyuta\memory.cpp">
      <Filter>Source Files\VM Driver Source Files</Filter>
    </ClCompile>
    <ClCompile Include="..\src\vm\pyuta\pyuta.cpp">
      <Filter>Source Files\VM Driver Source Files</Filter>
    </ClCompile>
  </ItemGroup>
  <ItemGroup>
    <ClInclude Include="..\src\common.h">
      <Filter>Header Files</Filter>
    </ClInclude>
    <ClInclude Include="..\src\config.h">
      <Filter>Header Files</Filter>
    </ClInclude>
    <ClInclude Include="..\src\fifo.h">
      <Filter>Header Files</Filter>
    </ClInclude>
    <ClInclude Include="..\src\fileio.h">
      <Filter>Header Files</Filter>
    </ClInclude>
    <ClInclude Include="..\src\emu.h">
      <Filter>Header Files\EMU Header Files</Filter>
    </ClInclude>
    <ClInclude Include="..\src\win32\osd.h">
      <Filter>Header Files\OSD Header Files</Filter>
    </ClInclude>
    <ClInclude Include="..\src\vm\datarec.h">
      <Filter>Header Files\VM Common Header Files</Filter>
    </ClInclude>
    <ClInclude Include="..\src\vm\debugger.h">
      <Filter>Header Files\VM Common Header Files</Filter>
    </ClInclude>
    <ClInclude Include="..\src\vm\device.h">
      <Filter>Header Files\VM Common Header Files</Filter>
    </ClInclude>
    <ClInclude Include="..\src\vm\event.h">
      <Filter>Header Files\VM Common Header Files</Filter>
    </ClInclude>
    <ClInclude Include="..\src\vm\sn76489an.h">
      <Filter>Header Files\VM Common Header Files</Filter>
    </ClInclude>
    <ClInclude Include="..\src\vm\tms9918a.h">
      <Filter>Header Files\VM Common Header Files</Filter>
    </ClInclude>
    <ClInclude Include="..\src\vm\tms9995.h">
      <Filter>Header Files\VM Common Header Files</Filter>
    </ClInclude>
    <ClInclude Include="..\src\vm\vm.h">
      <Filter>Header Files\VM Common Header Files</Filter>
    </ClInclude>
    <ClInclude Include="..\src\vm\pyuta\memory.h">
      <Filter>Header Files\VM Driver Header Files</Filter>
    </ClInclude>
    <ClInclude Include="..\src\vm\pyuta\pyuta.h">
      <Filter>Header Files\VM Driver Header Files</Filter>
    </ClInclude>
    <ClInclude Include="..\src\res\resource.h">
      <Filter>Resource Files</Filter>
    </ClInclude>
  </ItemGroup>
  <ItemGroup>
    <Image Include="..\src\res\pyuta.ico">
      <Filter>Resource Files</Filter>
    </Image>
  </ItemGroup>
  <ItemGroup>
    <ResourceCompile Include="..\src\res\pyuta.rc">
      <Filter>Resource Files</Filter>
    </ResourceCompile>
  </ItemGroup>
</Project>